
Microsoft Visual Studio Solution File, Format Version 12.00
# Visual Studio 14
VisualStudioVersion = 14.0.23107.0
MinimumVisualStudioVersion = 10.0.40219.1
Project("{FAE04EC0-301F-11D3-BF4B-00C04F79EFBC}") = "MatchEngine", "MatchEngine\MatchEngine.csproj", "{57BEA316-0B44-425E-B66D-7D6A18A759A5}"
EndProject
Project("{FAE04EC0-301F-11D3-BF4B-00C04F79EFBC}") = "OrderGenerator", "OrderGenerator\OrderGenerator.csproj", "{033AA676-5BCA-4F70-8D4B-5FE2ED04B557}"
EndProject
Global
	GlobalSection(SolutionConfigurationPlatforms) = preSolution
		Debug|Any CPU = Debug|Any CPU
		Release|Any CPU = Release|Any CPU
	EndGlobalSection
	GlobalSection(ProjectConfigurationPlatforms) = postSolution
		{57BEA316-0B44-425E-B66D-7D6A18A759A5}.Debug|Any CPU.ActiveCfg = Debug|Any CPU
		{57BEA316-0B44-425E-B66D-7D6A18A759A5}.Debug|Any CPU.Build.0 = Debug|Any CPU
		{57BEA316-0B44-425E-B66D-7D6A18A759A5}.Release|Any CPU.ActiveCfg = Release|Any CPU
		{57BEA316-0B44-425E-B66D-7D6A18A759A5}.Release|Any CPU.Build.0 = Release|Any CPU
		{033AA676-5BCA-4F70-8D4B-5FE2ED04B557}.Debug|Any CPU.ActiveCfg = Debug|Any CPU
		{033AA676-5BCA-4F70-8D4B-5FE2ED04B557}.Debug|Any CPU.Build.0 = Debug|Any CPU
		{033AA676-5BCA-4F70-8D4B-5FE2ED04B557}.Release|Any CPU.ActiveCfg = Release|Any CPU
		{033AA676-5BCA-4F70-8D4B-5FE2ED04B557}.Release|Any CPU.Build.0 = Release|Any CPU
	EndGlobalSection
	GlobalSection(SolutionProperties) = preSolution
		HideSolutionNode = FALSE
	EndGlobalSection
EndGlobal
